
Microsoft Visual Studio Solution File, Format Version 12.00
Project("{FAE04EC0-301F-11D3-BF4B-00C04F79EFBC}") = "JiaTools", "JiaTools\JiaTools.csproj", "{0155680F-9E35-479F-8DB1-1A81EDD8B3E5}"
EndProject
Project("{FAE04EC0-301F-11D3-BF4B-00C04F79EFBC}") = "OmenTools", "OmenTools\OmenTools.csproj", "{36D46AE8-6360-4FC6-89AF-C2BD33EBFFEE}"
EndProject
Project("{FAE04EC0-301F-11D3-BF4B-00C04F79EFBC}") = "KamiToolKit", "KamiToolKit\KamiToolKit.csproj", "{3FFB39B1-0C87-4B67-A3F1-184B1E595EE2}"
EndProject
Global
	GlobalSection(SolutionConfigurationPlatforms) = preSolution
		Debug|Any CPU = Debug|Any CPU
		Release|Any CPU = Release|Any CPU
		latest|Any CPU = latest|Any CPU
	EndGlobalSection
	GlobalSection(ProjectConfigurationPlatforms) = postSolution
		{0155680F-9E35-479F-8DB1-1A81EDD8B3E5}.Release|Any CPU.ActiveCfg = Release|x64
		{0155680F-9E35-479F-8DB1-1A81EDD8B3E5}.Release|Any CPU.Build.0 = Release|x64
		{0155680F-9E35-479F-8DB1-1A81EDD8B3E5}.Debug|Any CPU.ActiveCfg = Debug|x64
		{0155680F-9E35-479F-8DB1-1A81EDD8B3E5}.Debug|Any CPU.Build.0 = Debug|x64
		{0155680F-9E35-479F-8DB1-1A81EDD8B3E5}.latest|Any CPU.ActiveCfg = latest|x64
		{0155680F-9E35-479F-8DB1-1A81EDD8B3E5}.latest|Any CPU.Build.0 = latest|x64
		{36D46AE8-6360-4FC6-89AF-C2BD33EBFFEE}.Release|Any CPU.ActiveCfg = Release|x64
		{36D46AE8-6360-4FC6-89AF-C2BD33EBFFEE}.Release|Any CPU.Build.0 = Release|x64
		{36D46AE8-6360-4FC6-89AF-C2BD33EBFFEE}.Debug|Any CPU.ActiveCfg = Debug|Any CPU
		{36D46AE8-6360-4FC6-89AF-C2BD33EBFFEE}.Debug|Any CPU.Build.0 = Debug|Any CPU
		{36D46AE8-6360-4FC6-89AF-C2BD33EBFFEE}.latest|Any CPU.ActiveCfg = latest|Any CPU
		{36D46AE8-6360-4FC6-89AF-C2BD33EBFFEE}.latest|Any CPU.Build.0 = latest|Any CPU
		{3FFB39B1-0C87-4B67-A3F1-184B1E595EE2}.Debug|Any CPU.ActiveCfg = Debug|x64
		{3FFB39B1-0C87-4B67-A3F1-184B1E595EE2}.Debug|Any CPU.Build.0 = Debug|x64
		{3FFB39B1-0C87-4B67-A3F1-184B1E595EE2}.Release|Any CPU.ActiveCfg = Release|x64
		{3FFB39B1-0C87-4B67-A3F1-184B1E595EE2}.Release|Any CPU.Build.0 = Release|x64
		{3FFB39B1-0C87-4B67-A3F1-184B1E595EE2}.latest|Any CPU.ActiveCfg = Debug|x64
		{3FFB39B1-0C87-4B67-A3F1-184B1E595EE2}.latest|Any CPU.Build.0 = Debug|x64
	EndGlobalSection
EndGlobal
